# This file is automatically @generated by Cargo.
# It is not intended for manual editing.
version = 3

[[package]]
name = "test1_bin"
version = "0.1.0"
dependencies = [
 "test1_lib",
]

[[package]]
name = "test1_lib"
version = "0.1.0"

[[package]]
name = "test_executor"
version = "0.1.0"

[[package]]
name = "unpanic"
version = "0.1.0"
